github.com/lunixbochs/struc v0.0.0-20180408203800-02e4c2afbb2a h1:axFx97V2Lyke5LbeygrJlzc07mwVhHt2ZHeI/Nv8Aq4=
github.com/lunixbochs/struc v0.0.0-20180408203800-02e4c2afbb2a/go.mod h1:iOJu9pApjjmEmNq7PqlA5R9mDu/HMF5EM3llWKX/TyA=
github.com/pkg/errors v0.8.1 h1:iURUrRGxPUNPdy5/HRSm+Yj6okJ6UtLINN0Q9M4+h3I=
github.com/pkg/errors v0.8.1/go.mod h1:bwawxfHBFNV+L2hUp1rHADufV3IMtnDRdf1r5NINEl0=
github.com/rickypai/natsort v0.0.0-20180124032556-f194e6bd5b0c h1:wq5MmT1Whub72MXlR2I5jWTQ3Q5wkNXnVBY21Q3Qzis=
github.com/rickypai/natsort v0.0.0-20180124032556-f194e6bd5b0c/go.mod h1:ECfieXu+EwvGnmpzRZvaAN0U/Jese1LX/BqX3HF1Kl0=
